
Microsoft Visual Studio Solution File, Format Version 12.00
# Visual Studio 15
VisualStudioVersion = 15.0.28307.902
MinimumVisualStudioVersion = 10.0.40219.1
Project("{FAE04EC0-301F-11D3-BF4B-00C04F79EFBC}") = "GMX_Controller", "GMX_Controller\GMX_Controller.csproj", "{2C260F36-CB54-4709-8992-71B8FEAD59A3}"
EndProject
Global
	GlobalSection(SolutionConfigurationPlatforms) = preSolution
		Debug|Any CPU = Debug|Any CPU
		Release|Any CPU = Release|Any CPU
	EndGlobalSection
	GlobalSection(ProjectConfigurationPlatforms) = postSolution
		{2C260F36-CB54-4709-8992-71B8FEAD59A3}.Debug|Any CPU.ActiveCfg = Debug|Any CPU
		{2C260F36-CB54-4709-8992-71B8FEAD59A3}.Debug|Any CPU.Build.0 = Debug|Any CPU
		{2C260F36-CB54-4709-8992-71B8FEAD59A3}.Release|Any CPU.ActiveCfg = Release|Any CPU
		{2C260F36-CB54-4709-8992-71B8FEAD59A3}.Release|Any CPU.Build.0 = Release|Any CPU
	EndGlobalSection
	GlobalSection(SolutionProperties) = preSolution
		HideSolutionNode = FALSE
	EndGlobalSection
	GlobalSection(ExtensibilityGlobals) = postSolution
		SolutionGuid = {93CD0B24-8250-4CDE-A006-D3C565551FB4}
	EndGlobalSection
EndGlobal
